
Microsoft Visual Studio Solution File, Format Version 12.00
# Visual Studio 15
VisualStudioVersion = 15.0.28307.645
MinimumVisualStudioVersion = 10.0.40219.1
Project("{8BC9CEB8-8B4A-11D0-8D11-00A0C91BC942}") = "Coding", "Coding\Coding.vcxproj", "{DDD4BF5A-D54B-441C-86B6-20DC09F35E10}"
EndProject
Global
	GlobalSection(SolutionConfigurationPlatforms) = preSolution
		Debug|x64 = Debug|x64
		Debug|x86 = Debug|x86
		Release|x64 = Release|x64
		Release|x86 = Release|x86
	EndGlobalSection
	GlobalSection(ProjectConfigurationPlatforms) = postSolution
		{DDD4BF5A-D54B-441C-86B6-20DC09F35E10}.Debug|x64.ActiveCfg = Debug|x64
		{DDD4BF5A-D54B-441C-86B6-20DC09F35E10}.Debug|x64.Build.0 = Debug|x64
		{DDD4BF5A-D54B-441C-86B6-20DC09F35E10}.Debug|x86.ActiveCfg = Debug|Win32
		{DDD4BF5A-D54B-441C-86B6-20DC09F35E10}.Debug|x86.Build.0 = Debug|Win32
		{DDD4BF5A-D54B-441C-86B6-20DC09F35E10}.Release|x64.ActiveCfg = Release|x64
		{DDD4BF5A-D54B-441C-86B6-20DC09F35E10}.Release|x64.Build.0 = Release|x64
		{DDD4BF5A-D54B-441C-86B6-20DC09F35E10}.Release|x86.ActiveCfg = Release|Win32
		{DDD4BF5A-D54B-441C-86B6-20DC09F35E10}.Release|x86.Build.0 = Release|Win32
	EndGlobalSection
	GlobalSection(SolutionProperties) = preSolution
		HideSolutionNode = FALSE
	EndGlobalSection
	GlobalSection(ExtensibilityGlobals) = postSolution
		SolutionGuid = {1982AFDA-38F6-42D4-9929-57788B5AE351}
	EndGlobalSection
EndGlobal
